
Microsoft Visual Studio Solution File, Format Version 12.00
# Visual Studio Version 16
VisualStudioVersion = 16.0.31025.194
MinimumVisualStudioVersion = 10.0.40219.1
Project("{FAE04EC0-301F-11D3-BF4B-00C04F79EFBC}") = "TimeOffsetting", "TimeOffsetting\TimeOffsetting.csproj", "{14B10149-C987-4041-831A-70BB2638834F}"
EndProject
Project("{FAE04EC0-301F-11D3-BF4B-00C04F79EFBC}") = "TimeOffsettingTests", "TimeOffsettingTests\TimeOffsettingTests.csproj", "{3C92E56D-AC6F-47AA-8AEB-B6DE508B3634}"
EndProject
Global
	GlobalSection(SolutionConfigurationPlatforms) = preSolution
		Debug|Any CPU = Debug|Any CPU
		Release|Any CPU = Release|Any CPU
	EndGlobalSection
	GlobalSection(ProjectConfigurationPlatforms) = postSolution
		{14B10149-C987-4041-831A-70BB2638834F}.Debug|Any CPU.ActiveCfg = Debug|Any CPU
		{14B10149-C987-4041-831A-70BB2638834F}.Debug|Any CPU.Build.0 = Debug|Any CPU
		{14B10149-C987-4041-831A-70BB2638834F}.Release|Any CPU.ActiveCfg = Release|Any CPU
		{14B10149-C987-4041-831A-70BB2638834F}.Release|Any CPU.Build.0 = Release|Any CPU
		{3C92E56D-AC6F-47AA-8AEB-B6DE508B3634}.Debug|Any CPU.ActiveCfg = Debug|Any CPU
		{3C92E56D-AC6F-47AA-8AEB-B6DE508B3634}.Debug|Any CPU.Build.0 = Debug|Any CPU
		{3C92E56D-AC6F-47AA-8AEB-B6DE508B3634}.Release|Any CPU.ActiveCfg = Release|Any CPU
		{3C92E56D-AC6F-47AA-8AEB-B6DE508B3634}.Release|Any CPU.Build.0 = Release|Any CPU
	EndGlobalSection
	GlobalSection(SolutionProperties) = preSolution
		HideSolutionNode = FALSE
	EndGlobalSection
	GlobalSection(ExtensibilityGlobals) = postSolution
		SolutionGuid = {2C7B31FE-E6B0-4DD8-A09F-51E98D0801C9}
	EndGlobalSection
EndGlobal
